{
    "_meta": {
        "hash": {
            "sha256": "1debd024560d4f3b233137f52a939a65659ed063f16b1230470d9a7e7c3aa7fe"
        },
        "pipfile-spec": 6,
        "requires": {
            "python_version": "3.6"
        },
        "sources": [
            {
                "name": "pypi",
                "url": "https://pypi.org/simple",
                "verify_ssl": true
            }
        ]
    },
    "default": {
        "appdirs": {
            "hashes": [
                "sha256:266036a5f1eb785a5eff2a362f552b7943dc7d83737a6a201f21276bd9ef234d"
            ],
            "version": "==1.2.0"
        },
        "colorama": {
            "hashes": [
                "sha256:337d9bd3adef4899017cdfffb96f8030bdb27fcd8ede14c1d3f8c7768a8668d0",
                "sha256:37dc4e718795a6c5d172de35dab1a278625f78c49883519e337834ff40dddde5"
            ],
            "version": "==0.2.7"
        },
        "django": {
            "hashes": [
                "sha256:1716747f7e0fbee6e2c1c0bcdb74307139d441a79eb4dcc97d206c615e1ded15",
                "sha256:5282c48b90fbb29507299f592215378e849a2808f485e4144626e66715d5464d"
            ],
            "version": "==1.8.14"
        },
        "django-angular": {
            "hashes": [
                "sha256:632e59a19d7a3eb0828cd99f35367abd76875c17f3404ec32a266203fc5669b2"
            ],
            "version": "==0.7.8"
        },
        "django-extra-views": {
            "hashes": [
                "sha256:41efa87cf0353cd1cc29e5f35ef5d5e64b2878762ece0506aa99673aaa05d589",
                "sha256:f12a1e419f902342a26166265f8321aae3c38314a926ad37d04bbd311d4717d5"
            ],
            "version": "==0.7.1"
        },
        "django-relatedadminwidget": {
            "hashes": [
                "sha256:bc2c75cffefeeb4120b2243493d545bd29cd9937eede5cb6696fa5006094e1b9"
            ],
            "version": "==0.0.3"
        },
        "django-relatives": {
            "hashes": [
                "sha256:5d497c0cac192a9eb019f54f03cdddc4d2256bfb18704ff209d3890be3a8acb7"
            ],
            "version": "==0.3.1"
        },
        "docopt": {
            "hashes": [
                "sha256:71ad940a773fbc23be6093e9476ad57b2ecec446946a28d30127501f3b29aa35"
            ],
            "version": "==0.6.1"
        },
        "factory-boy": {
            "hashes": [
                "sha256:d7012499e52de5a4413e22aed51df8948533685452dfe16b41001f28f9ce5b1c"
            ],
            "version": "==2.4.1"
        },
        "featureforge": {
            "hashes": [
                "sha256:8a91bb84080ea8ea84bd25ee43d70d27d1a60586fe4577a87f4bf15f9f313201"
            ],
            "version": "==0.1.6"
        },
        "future": {
            "hashes": [
                "sha256:e9ba55f1ebfb0d99fdf8545df77a60ffe6a04f699f3525d2a5911462b6e2a531"
            ],
            "version": "==0.11.4"
        },
        "iepy": {
            "hashes": [
                "sha256:2fb5ce4da5ed6e222ae8794663b83b6fe0c47d741d49bc264c2cf3eed5f05c6e"
            ],
            "index": "pypi",
            "version": "==0.9.6"
        },
        "jsonfield": {
            "hashes": [
                "sha256:5951d41c51a295df4d500e481abd7ed53464b3cc8920f71a7965fbdd179d1c68"
            ],
            "version": "==1.0.0"
        },
        "mock": {
            "hashes": [
                "sha256:5ce3c71c5545b472da17b72268978914d0252980348636840bd34a00b5cc96c1",
                "sha256:b158b6df76edd239b8208d481dc46b6afd45a846b7812ff0ce58971cf5bc8bba"
            ],
            "version": "==2.0.0"
        },
        "nltk": {
            "hashes": [
                "sha256:fe0eda251be65843be86d7de9abfbf7161732256f742e623b21243ec47bdb718"
            ],
            "version": "==3.3.0"
        },
        "nose": {
            "hashes": [
                "sha256:9ff7c6cc443f8c51994b34a667bbcf45afd6d945be7477b52e97516fd17c53ac",
                "sha256:dadcddc0aefbf99eea214e0f1232b94f2fa9bd98fa8353711dacb112bfcbbb2a",
                "sha256:f1bffef9cbc82628f6e7d7b40d7e255aefaa1adb6a1b1d26c69a8b79e6208a98"
            ],
            "version": "==1.3.7"
        },
        "numpy": {
            "hashes": [
                "sha256:0074d42e2cc333800bd09996223d40ec52e3b1ec0a5cab05dacc09b662c4c1ae",
                "sha256:034717bfef517858abc79324820a702dc6cd063effb9baab86533e8a78670689",
                "sha256:0db6301324d0568089663ef2701ad90ebac0e975742c97460e89366692bd0563",
                "sha256:1864d005b2eb7598063e35c320787d87730d864f40d6410f768fe4ea20672016",
                "sha256:46ce8323ca9384814c7645298b8b627b7d04ce97d6948ef02da357b2389d6972",
                "sha256:510863d606c932b41d2209e4de6157ab3fdf52001d3e4ad351103176d33c4b8b",
                "sha256:560e23a12e7599be8e8b67621396c5bc687fd54b48b890adbc71bc5a67333f86",
                "sha256:57dc6c22d59054542600fce6fae2d1189b9c50bafc1aab32e55f7efcc84a6c46",
                "sha256:760550fdf9d8ec7da9c4402a4afe6e25c0f184ae132011676298a6b636660b45",
                "sha256:8670067685051b49d1f2f66e396488064299fefca199c7c80b6ba0c639fedc98",
                "sha256:9016692c7d390f9d378fc88b7a799dc9caa7eb938163dda5276d3f3d6f75debf",
                "sha256:98ff275f1b5907490d26b30b6ff111ecf2de0254f0ab08833d8fe61aa2068a00",
                "sha256:9ccf4d5c9139b1e985db915039baa0610a7e4a45090580065f8d8cb801b7422f",
                "sha256:a8dbab311d4259de5eeaa5b4e83f5f8545e4808f9144e84c0f424a6ee55a7b98",
                "sha256:aaef1bea636b6e552bbc5dae0ada87d4f6046359daaa97a05a013b0169620f27",
                "sha256:b8987e30d9a0eb6635df9705a75cf8c4a2835590244baecf210163343bc65176",
                "sha256:c3fe23df6fe0898e788581753da453f877350058c5982e85a8972feeecb15309",
                "sha256:c5eb7254cfc4bd7a4330ad7e1f65b98343836865338c57b0e25c661e41d5cfd9",
                "sha256:c80fcf9b38c7f4df666150069b04abbd2fe42ae640703a6e1f128cda83b552b7",
                "sha256:e33baf50f2f6b7153ddb973601a11df852697fba4c08b34a5e0f39f66f8120e1",
                "sha256:e8578a62a8eaf552b95d62f630bb5dd071243ba1302bbff3e55ac48588508736",
                "sha256:f22b3206f1c561dd9110b93d144c6aaa4a9a354e3b07ad36030df3ea92c5bb5b",
                "sha256:f39afab5769b3aaa786634b94b4a23ef3c150bdda044e8a32a3fc16ddafe803b"
            ],
            "version": "==1.14.3"
        },
        "pbr": {
            "hashes": [
                "sha256:680bf5ba9b28dd56e08eb7c267991a37c7a5f90a92c2e07108829931a50ff80a",
                "sha256:6874feb22334a1e9a515193cba797664e940b763440c88115009ec323a7f2df5"
            ],
            "version": "==4.0.3"
        },
        "progress": {
            "hashes": [
                "sha256:c88d89ee3bd06716a0b8b5504d9c3bcb3c1c0ab98f96dc7f1dc5f56812a4f60a"
            ],
            "version": "==1.3"
        },
        "pymongo": {
            "hashes": [
                "sha256:051770590ddbd5fb7db17d3315d4c1b0f18039d830dd18e1bae39451c30d31cd",
                "sha256:061085dfe4fbf1d9d6ed2f2e52fe6ab72559e48b4294370b433751638160d10b",
                "sha256:07fdee1c5567f237796a8550233e04853785d8dcf95929f96ab519ed91543109",
                "sha256:0d98731aaea8cb32b535c376f6785927e4e3d9459ffe1440b8a639827a849350",
                "sha256:10f683950f70626ccedf4a662d1c0b3244e8e013c2067872af5633830abd1bfd",
                "sha256:192ee5e33821931f4ec6df5fff4361220c0c92bb5b7437c6db52e20a0c9b4d98",
                "sha256:2954b99cfeb76776879e9f8a4cae9c5e19d5eff92d0b7b663ceddcf192adb66b",
                "sha256:36a992e02fced328de5304145dc3729a8cea12e58ad34b842a6f46d7941c9fc7",
                "sha256:419ed5d5b76ef304815f354d9df7f2085acfd6ff7cc1b714ca702e2239b341c2",
                "sha256:42ec201fd9a26e7c1e611e3db19324dead51dd4646391492eb238b41749340e8",
                "sha256:4400fa92af310bf66b76c313c7ded3bb63f3d63b4f43c3bfbff552cf294dc9fa",
                "sha256:44abdc26989600bb03b62d57616ec7c1b9182290720167c39e38c3a2b0d44e44",
                "sha256:45fb9f589c0f35436dbe391c53a387ffffa8d086b8521a86fca4f3e1d0edbf71",
                "sha256:4807dfbb5cdcfe0224329992dc48b897c780d0ad7553c3799d34f84ba5cab446",
                "sha256:54daf67e1e7e7e5a5160c86123bdd39b1d3b25876c2ab38230dc2a764cb3d98f",
                "sha256:5f2814a9492a724fd77c90ffc01f810276ef9972ae02587bfaae40835f9b8407",
                "sha256:5fd6ce5ed3c6c92d2c94756e6bf041304e5c7c5a5dbea31b8957d52a78bdf01d",
                "sha256:601e00fe7fb283f04c95f5dafb787c0862f48ca015a6f1f81b460c74e4303873",
                "sha256:63a47a97b5cb4c67c86552b15e08df12ff026a648211120adf5ebe00453e85e9",
                "sha256:6c4459d5c2b45ba55e14360e03078426015c1b0881facaec51bd9bd9e2304cec",
                "sha256:7fbd9233e8b6741b047c5857e2ad5efb74091f167d7fa8a2a3379217165058f9",
                "sha256:7ffac35362c07c103b024b89875e8d7f0625129b65c56fa8a3ecebbd56110405",
                "sha256:833bc6cb2ec7058dea9f5840a9314ac74738d2117486a044e88f3976e37ea7a0",
                "sha256:92cb26a2a9b38e8df5215803f950b20a6c847d5e00d1dd125eaa84f05f9472d7",
                "sha256:97d6a218c4ad4f8fdde0143776d5224e884cbcfe631e7446379fa1790d8cf04f",
                "sha256:9e5f0e8967d95a256038817460844a8aab588b9bc9ba6296507a1863960a0e44",
                "sha256:9e6db7ff63fb836d56e62216e10e868c23a99f3cb02875411eb2cb787acf58c7",
                "sha256:a0a695eef38c15570f6da3b4900e1a1d85fa92c754177d5f05267b49da79c92b",
                "sha256:aa46076524471729430afacca3dd8ad4578878eca6fc9e2b593a0b381b5bbeb7",
                "sha256:abf83b908e535b1386a7732825994e6e36eff6394c1829f3e7a23888136484fa",
                "sha256:adb2dba52c8a2a2d7bcd3b267f7bbf7c822850cf6a7cd15211b9f386c3a670ef",
                "sha256:ae7b3479822a03f6f651913de84ba67101f23e051ae88034085e974f472dcfff",
                "sha256:c596af57286ef28cae7a48e3070d222f96f5f0eab76ad39d680ae6b9bbc957c7",
                "sha256:cc15b30f0ac518e6cbd4b6e6e6162f8aa14edfe255d0841146f146151bd58865",
                "sha256:d23498d62063b715078947bef48fa4d34dc354f3b268ed15dc6b46fc809a88e9",
                "sha256:dd29bb5bc9068ccc248c8c145efd839421f04363b468b47cfa2d4902ca369afe",
                "sha256:e2745dd408a26d4517702d1686afc8e1e1638d2167e857c684f912192cc00dcf",
                "sha256:e53ad0cc6c489f83e7f6bb6121aa73bb6f6488410024a3bd77c16af1aa3a1000",
                "sha256:ecb11113407d919f8714cc7d0841985044633d0b561ef3d797e1b494a3e73537",
                "sha256:ece2c2add66d3ec2720a963bf073ca11fc3b0b58159767fc3bc5ddaad791d481",
                "sha256:ef25c8675f5c8c19832f69cd97d728d99bb4ab9c3b200e28a5c8416631afaf3c",
                "sha256:f62a818d643776873713c5676f17bd95ac4176220b13dd12c14edd3a450d1ac9",
                "sha256:f7ebcb846962ee40374db2d9014a89bea9c983ae63c1877957c3a0a756974796"
            ],
            "version": "==3.6.1"
        },
        "refo": {
            "hashes": [
                "sha256:f5c9fd5d6ae083b15071a27ebdf02353c7af9ecc92e22b67f961ecdf5e0355f4"
            ],
            "version": "==0.13"
        },
        "schema": {
            "hashes": [
                "sha256:0b9e883edb898971125112f1737d403ffd777513caf69a44b3b0765239797c18"
            ],
            "version": "==0.3.1"
        },
        "scikit-learn": {
            "hashes": [
                "sha256:1a8a881f6f13edc0ac58931ce21f899eb7920af50aa08802413d1239e2aa5fa6",
                "sha256:43a5bd96ab8e5c09a40ff482dddeb71fd850faffc77ab056d6a8e5619bdc1598",
                "sha256:6b46372e4eb53d98f876e7be4443d52710ec491edf1ff553de6c5f763d406849",
                "sha256:77e13692c419a56fd2f66a56c3b15393f7b1618115f68e023a53751a0d0e6cc7",
                "sha256:80c2df89ec0dba5eb3bf668fb62216686e9c77567d2ab922fdb8ef0ae7b3a075",
                "sha256:834af70a8dfac07c5c71859fae2773bd55a1b7a62bf60f7817848f1d5b9d27d9",
                "sha256:8c56e565eddc93d50dc887290fb7cc3726eefb18af3fdcbd9ab8d9f39eba0e91",
                "sha256:a04901dc20876ce35046dce97f35d530549784dcc5f653d7733a1356c697cf03",
                "sha256:a04953d6b7f9d4442e1e0a5232638330f2b0575c5a04ea186d8a3e99c8be8f93",
                "sha256:a3eb188fbd9ef4ceba5c6fe37b2b92d5f301d718fc7c58635ed9c08a092e550d",
                "sha256:b8fd3f46cac67b7bf2b5ec9465d88e26cae9e1983fdda4b0c4adabe01031da56",
                "sha256:d711fcbd56d85dfd2799b2fc88d2368bd0a998cb23558adf965605ecb891dd8d"
            ],
            "version": "==0.15.2"
        },
        "scipy": {
            "hashes": [
                "sha256:0611ee97296265af4a21164a5323f8c1b4e8e15c582d3dfa7610825900136bb7",
                "sha256:08237eda23fd8e4e54838258b124f1cd141379a5f281b0a234ca99b38918c07a",
                "sha256:0e645dbfc03f279e1946cf07c9c754c2a1859cb4a41c5f70b25f6b3a586b6dbd",
                "sha256:0e9bb7efe5f051ea7212555b290e784b82f21ffd0f655405ac4f87e288b730b3",
                "sha256:108c16640849e5827e7d51023efb3bd79244098c3f21e4897a1007720cb7ce37",
                "sha256:340ef70f5b0f4e2b4b43c8c8061165911bc6b2ad16f8de85d9774545e2c47463",
                "sha256:3ad73dfc6f82e494195144bd3a129c7241e761179b7cb5c07b9a0ede99c686f3",
                "sha256:3b243c77a822cd034dad53058d7c2abf80062aa6f4a32e9799c95d6391558631",
                "sha256:404a00314e85eca9d46b80929571b938e97a143b4f2ddc2b2b3c91a4c4ead9c5",
                "sha256:423b3ff76957d29d1cce1bc0d62ebaf9a3fdfaf62344e3fdec14619bb7b5ad3a",
                "sha256:698c6409da58686f2df3d6f815491fd5b4c2de6817a45379517c92366eea208f",
                "sha256:729f8f8363d32cebcb946de278324ab43d28096f36593be6281ca1ee86ce6559",
                "sha256:8190770146a4c8ed5d330d5b5ad1c76251c63349d25c96b3094875b930c44692",
                "sha256:878352408424dffaa695ffedf2f9f92844e116686923ed9aa8626fc30d32cfd1",
                "sha256:8f841bbc21d3dad2111a94c490fb0a591b8612ffea86b8e5571746ae76a3deac",
                "sha256:c22b27371b3866c92796e5d7907e914f0e58a36d3222c5d436ddd3f0e354227a",
                "sha256:d0cdd5658b49a722783b8b4f61a6f1f9c75042d0e29a30ccb6cacc9b25f6d9e2",
                "sha256:d8491d4784aceb1f100ddb8e31239c54e4afab8d607928a9f7ef2469ec35ae01",
                "sha256:dfc5080c38dde3f43d8fbb9c0539a7839683475226cf83e4b24363b227dfe552",
                "sha256:e24e22c8d98d3c704bb3410bce9b69e122a8de487ad3dbfe9985d154e5c03a40",
                "sha256:e7a01e53163818d56eabddcafdc2090e9daba178aad05516b20c6591c4811020",
                "sha256:ee677635393414930541a096fc8e61634304bb0153e4e02b75685b11eba14cae",
                "sha256:f0521af1b722265d824d6ad055acfe9bd3341765735c44b5a4d0069e189a0f40"
            ],
            "version": "==1.1.0"
        },
        "six": {
            "hashes": [
                "sha256:70e8a77beed4562e7f14fe23a786b54f6296e34344c23bc42f07b15018ff98e9",
                "sha256:832dc0e10feb1aa2c68dcc57dbb658f1c7e65b9b61af69048abc87a2db00a0eb"
            ],
            "version": "==1.11.0"
        },
        "wget": {
            "hashes": [
                "sha256:9a5f5ee72f2a7513886881b03acd0dddd138a64e5e80ee48b299d54e3ce1f257"
            ],
            "version": "==2.0"
        },
        "xmltodict": {
            "hashes": [
                "sha256:21a441d1605ab73728e283546516930cddd96b3935e921135acf38d03f9426d9"
            ],
            "version": "==0.8.6"
        }
    },
    "develop": {}
}
